// !$*UTF8*$!
{
	archiveVersion = 1;
	classes = {
	};
	objectVersion = 46;
	objects = {

/* Begin PBXBuildFile section */
		7A24278F1DB3909400CBF01A /* kamakiri@2x.png in Resources */ = {isa = PBXBuildFile; fileRef = 7A24278E1DB3909400CBF01A /* kamakiri@2x.png */; };
		7A2427931DB3924300CBF01A /* woman@2x.png in Resources */ = {isa = PBXBuildFile; fileRef = 7A2427901DB3924300CBF01A /* woman@2x.png */; };
		7A2427941DB3924300CBF01A /* man@2x.png in Resources */ = {isa = PBXBuildFile; fileRef = 7A2427911DB3924300CBF01A /* man@2x.png */; };
		7A2427951DB3924300CBF01A /* bgImage@2x.png in Resources */ = {isa = PBXBuildFile; fileRef = 7A2427921DB3924300CBF01A /* bgImage@2x.png */; };
		7A366F961DB22ED200E5D7BE /* AppDelegate.swift in Sources */ = {isa = PBXBuildFile; fileRef = 7A366F951DB22ED200E5D7BE /* AppDelegate.swift */; };
		7A366F981DB22ED200E5D7BE /* ViewController.swift in Sources */ = {isa = PBXBuildFile; fileRef = 7A366F971DB22ED200E5D7BE /* ViewController.swift */; };
		7A366F9B1DB22ED300E5D7BE /* Main.storyboard in Resources */ = {isa = PBXBuildFile; fileRef = 7A366F991DB22ED300E5D7BE /* Main.storyboard */; };
		7A366F9D1DB22ED300E5D7BE /* Assets.xcassets in Resources */ = {isa = PBXBuildFile; fileRef = 7A366F9C1DB22ED300E5D7BE /* Assets.xcassets */; };
		7A366FA01DB22ED300E5D7BE /* LaunchScreen.storyboard in Resources */ = {isa = PBXBuildFile; fileRef = 7A366F9E1DB22ED300E5D7BE /* LaunchScreen.storyboard */; };
/* End PBXBuildFile section */

/* Begin PBXFileReference section */
		7A24278E1DB3909400CBF01A /* kamakiri@2x.png */ = {isa = PBXFileReference; lastKnownFileType = image.png; path = "kamakiri@2x.png"; sourceTree = "<group>"; };
		7A2427901DB3924300CBF01A /* woman@2x.png */ = {isa = PBXFileReference; lastKnownFileType = image.png; path = "woman@2x.png"; sourceTree = "<group>"; };
		7A2427911DB3924300CBF01A /* man@2x.png */ = {isa = PBXFileReference; lastKnownFileType = image.png; path = "man@2x.png"; sourceTree = "<group>"; };
		7A2427921DB3924300CBF01A /* bgImage@2x.png */ = {isa = PBXFileReference; lastKnownFileType = image.png; path = "bgImage@2x.png"; sourceTree = "<group>"; };
		7A366F921DB22ED200E5D7BE /* Gacha.app */ = {isa = PBXFileReference; explicitFileType = wrapper.application; includeInIndex = 0; path = Gacha.app; sourceTree = BUILT_PRODUCTS_DIR; };
		7A366F951DB22ED200E5D7BE /* AppDelegate.swift */ = {isa = PBXFileReference; lastKnownFileType = sourcecode.swift; path = AppDelegate.swift; sourceTree = "<group>"; };
		7A366F971DB22ED200E5D7BE /* ViewController.swift */ = {isa = PBXFileReference; lastKnownFileType = sourcecode.swift; path = ViewController.swift; sourceTree = "<group>"; };
		7A366F9A1DB22ED300E5D7BE /* Base */ = {isa = PBXFileReference; lastKnownFileType = file.storyboard; name = Base; path = Base.lproj/Main.storyboard; sourceTree = "<group>"; };
		7A366F9C1DB22ED300E5D7BE /* Assets.xcassets */ = {isa = PBXFileReference; lastKnownFileType = folder.assetcatalog; path = Assets.xcassets; sourceTree = "<group>"; };
		7A366F9F1DB22ED300E5D7BE /* Base */ = {isa = PBXFileReference; lastKnownFileType = file.storyboard; name = Base; path = Base.lproj/LaunchScreen.storyboard; sourceTree = "<group>"; };
		7A366FA11DB22ED300E5D7BE /* Info.plist */ = {isa = PBXFileReference; lastKnownFileType = text.plist.xml; path = Info.plist; sourceTree = "<group>"; };
/* End PBXFileReference section */

/* Begin PBXFrameworksBuildPhase section */
		7A366F8F1DB22ED200E5D7BE /* Frameworks */ = {
			isa = PBXFrameworksBuildPhase;
			buildActionMask = 2147483647;
			files = (
			);
			runOnlyForDeploymentPostprocessing = 0;
		};
/* End PBXFrameworksBuildPhase section */

/* Begin PBXGroup section */
		7A2427961DB3B4DC00CBF01A /* Images */ = {
			isa = PBXGroup;
			children = (
				7A2427971DB3B4E100CBF01A /* Monsters */,
				7A2427921DB3924300CBF01A /* bgImage@2x.png */,
			);
			path = Images;
			sourceTree = "<group>";
		};
		7A2427971DB3B4E100CBF01A /* Monsters */ = {
			isa = PBXGroup;
			children = (
				7A24278E1DB3909400CBF01A /* kamakiri@2x.png */,
				7A2427911DB3924300CBF01A /* man@2x.png */,
				7A2427901DB3924300CBF01A /* woman@2x.png */,
			);
			path = Monsters;
			sourceTree = "<group>";
		};
		7A366F891DB22ED200E5D7BE = {
			isa = PBXGroup;
			children = (
				7A366F941DB22ED200E5D7BE /* Gacha */,
				7A366F931DB22ED200E5D7BE /* Products */,
			);
			sourceTree = "<group>";
		};
		7A366F931DB22ED200E5D7BE /* Products */ = {
			isa = PBXGroup;
			children = (
				7A366F921DB22ED200E5D7BE /* Gacha.app */,
			);
			name = Products;
			sourceTree = "<group>";
		};
		7A366F941DB22ED200E5D7BE /* Gacha */ = {
			isa = PBXGroup;
			children = (
				7A2427961DB3B4DC00CBF01A /* Images */,
				7A366F951DB22ED200E5D7BE /* AppDelegate.swift */,
				7A366F9C1DB22ED300E5D7BE /* Assets.xcassets */,
				7A366FA11DB22ED300E5D7BE /* Info.plist */,
				7A366F9E1DB22ED300E5D7BE /* LaunchScreen.storyboard */,
				7A366F991DB22ED300E5D7BE /* Main.storyboard */,
				7A366F971DB22ED200E5D7BE /* ViewController.swift */,
			);
			path = Gacha;
			sourceTree = "<group>";
		};
/* End PBXGroup section */

/* Begin PBXNativeTarget section */
		7A366F911DB22ED200E5D7BE /* Gacha */ = {
			isa = PBXNativeTarget;
			buildConfigurationList = 7A366FA41DB22ED300E5D7BE /* Build configuration list for PBXNativeTarget "Gacha" */;
			buildPhases = (
				7A366F8E1DB22ED200E5D7BE /* Sources */,
				7A366F8F1DB22ED200E5D7BE /* Frameworks */,
				7A366F901DB22ED200E5D7BE /* Resources */,
			);
			buildRules = (
			);
			dependencies = (
			);
			name = Gacha;
			productName = Gacha;
			productReference = 7A366F921DB22ED200E5D7BE /* Gacha.app */;
			productType = "com.apple.product-type.application";
		};
/* End PBXNativeTarget section */

/* Begin PBXProject section */
		7A366F8A1DB22ED200E5D7BE /* Project object */ = {
			isa = PBXProject;
			attributes = {
				LastSwiftUpdateCheck = 0800;
				LastUpgradeCheck = 0800;
				ORGANIZATIONNAME = Masuhara;
				TargetAttributes = {
					7A366F911DB22ED200E5D7BE = {
						CreatedOnToolsVersion = 8.0;
						ProvisioningStyle = Automatic;
					};
				};
			};
			buildConfigurationList = 7A366F8D1DB22ED200E5D7BE /* Build configuration list for PBXProject "Gacha" */;
			compatibilityVersion = "Xcode 3.2";
			developmentRegion = English;
			hasScannedForEncodings = 0;
			knownRegions = (
				en,
				Base,
			);
			mainGroup = 7A366F891DB22ED200E5D7BE;
			productRefGroup = 7A366F931DB22ED200E5D7BE /* Products */;
			projectDirPath = "";
			projectRoot = "";
			targets = (
				7A366F911DB22ED200E5D7BE /* Gacha */,
			);
		};
/* End PBXProject section */

/* Begin PBXResourcesBuildPhase section */
		7A366F901DB22ED200E5D7BE /* Resources */ = {
			isa = PBXResourcesBuildPhase;
			buildActionMask = 2147483647;
			files = (
				7A2427951DB3924300CBF01A /* bgImage@2x.png in Resources */,
				7A366FA01DB22ED300E5D7BE /* LaunchScreen.storyboard in Resources */,
				7A24278F1DB3909400CBF01A /* kamakiri@2x.png in Resources */,
				7A366F9D1DB22ED300E5D7BE /* Assets.xcassets in Resources */,
				7A2427931DB3924300CBF01A /* woman@2x.png in Resources */,
				7A366F9B1DB22ED300E5D7BE /* Main.storyboard in Resources */,
				7A2427941DB3924300CBF01A /* man@2x.png in Resources */,
			);
			runOnlyForDeploymentPostprocessing = 0;
		};
/* End PBXResourcesBuildPhase section */

/* Begin PBXSourcesBuildPhase section */
		7A366F8E1DB22ED200E5D7BE /* Sources */ = {
			isa = PBXSourcesBuildPhase;
			buildActionMask = 2147483647;
			files = (
				7A366F981DB22ED200E5D7BE /* ViewController.swift in Sources */,
				7A366F961DB22ED200E5D7BE /* AppDelegate.swift in Sources */,
			);
			runOnlyForDeploymentPostprocessing = 0;
		};
/* End PBXSourcesBuildPhase section */

/* Begin PBXVariantGroup section */
		7A366F991DB22ED300E5D7BE /* Main.storyboard */ = {
			isa = PBXVariantGroup;
			children = (
				7A366F9A1DB22ED300E5D7BE /* Base */,
			);
			name = Main.storyboard;
			path = .;
			sourceTree = "<group>";
		};
		7A366F9E1DB22ED300E5D7BE /* LaunchScreen.storyboard */ = {
			isa = PBXVariantGroup;
			children = (
				7A366F9F1DB22ED300E5D7BE /* Base */,
			);
			name = LaunchScreen.storyboard;
			path = .;
			sourceTree = "<group>";
		};
/* End PBXVariantGroup section */

/* Begin XCBuildConfiguration section */
		7A366FA21DB22ED300E5D7BE /* Debug */ = {
			isa = XCBuildConfiguration;
			buildSettings = {
				ALWAYS_SEARCH_USER_PATHS = NO;
				CLANG_ANALYZER_NONNULL = YES;
				CLANG_CXX_LANGUAGE_STANDARD = "gnu++0x";
				CLANG_CXX_LIBRARY = "libc++";
				CLANG_ENABLE_MODULES = YES;
				CLANG_ENABLE_OBJC_ARC = YES;
				CLANG_WARN_BOOL_CONVERSION = YES;
				CLANG_WARN_CONSTANT_CONVERSION = YES;
				CLANG_WARN_DIRECT_OBJC_ISA_USAGE = YES_ERROR;
				CLANG_WARN_DOCUMENTATION_COMMENTS = YES;
				CLANG_WARN_EMPTY_BODY = YES;
				CLANG_WARN_ENUM_CONVERSION = YES;
				CLANG_WARN_INFINITE_RECURSION = YES;
				CLANG_WARN_INT_CONVERSION = YES;
				CLANG_WARN_OBJC_ROOT_CLASS = YES_ERROR;
				CLANG_WARN_SUSPICIOUS_MOVES = YES;
				CLANG_WARN_UNREACHABLE_CODE = YES;
				CLANG_WARN__DUPLICATE_METHOD_MATCH = YES;
				"CODE_SIGN_IDENTITY[sdk=iphoneos*]" = "iPhone Developer";
				COPY_PHASE_STRIP = NO;
				DEBUG_INFORMATION_FORMAT = dwarf;
				ENABLE_STRICT_OBJC_MSGSEND = YES;
				ENABLE_TESTABILITY = YES;
				GCC_C_LANGUAGE_STANDARD = gnu99;
				GCC_DYNAMIC_NO_PIC = NO;
				GCC_NO_COMMON_BLOCKS = YES;
				GCC_OPTIMIZATION_LEVEL = 0;
				GCC_PREPROCESSOR_DEFINITIONS = (
					"DEBUG=1",
					"$(inherited)",
				);
				GCC_WARN_64_TO_32_BIT_CONVERSION = YES;
				GCC_WARN_ABOUT_RETURN_TYPE = YES_ERROR;
				GCC_WARN_UNDECLARED_SELECTOR = YES;
				GCC_WARN_UNINITIALIZED_AUTOS = YES_AGGRESSIVE;
				GCC_WARN_UNUSED_FUNCTION = YES;
				GCC_WARN_UNUSED_VARIABLE = YES;
				IPHONEOS_DEPLOYMENT_TARGET = 10.0;
				MTL_ENABLE_DEBUG_INFO = YES;
				ONLY_ACTIVE_ARCH = YES;
				SDKROOT = iphoneos;
				SWIFT_ACTIVE_COMPILATION_CONDITIONS = DEBUG;
				SWIFT_OPTIMIZATION_LEVEL = "-Onone";
			};
			name = Debug;
		};
		7A366FA31DB22ED300E5D7BE /* Release */ = {
			isa = XCBuildConfiguration;
			buildSettings = {
				ALWAYS_SEARCH_USER_PATHS = NO;
				CLANG_ANALYZER_NONNULL = YES;
				CLANG_CXX_LANGUAGE_STANDARD = "gnu++0x";
				CLANG_CXX_LIBRARY = "libc++";
				CLANG_ENABLE_MODULES = YES;
				CLANG_ENABLE_OBJC_ARC = YES;
				CLANG_WARN_BOOL_CONVERSION = YES;
				CLANG_WARN_CONSTANT_CONVERSION = YES;
				CLANG_WARN_DIRECT_OBJC_ISA_USAGE = YES_ERROR;
				CLANG_WARN_DOCUMENTATION_COMMENTS = YES;
				CLANG_WARN_EMPTY_BODY = YES;
				CLANG_WARN_ENUM_CONVERSION = YES;
				CLANG_WARN_INFINITE_RECURSION = YES;
				CLANG_WARN_INT_CONVERSION = YES;
				CLANG_WARN_OBJC_ROOT_CLASS = YES_ERROR;
				CLANG_WARN_SUSPICIOUS_MOVES = YES;
				CLANG_WARN_UNREACHABLE_CODE = YES;
				CLANG_WARN__DUPLICATE_METHOD_MATCH = YES;
				"CODE_SIGN_IDENTITY[sdk=iphoneos*]" = "iPhone Developer";
				COPY_PHASE_STRIP = NO;
				DEBUG_INFORMATION_FORMAT = "dwarf-with-dsym";
				ENABLE_NS_ASSERTIONS = NO;
				ENABLE_STRICT_OBJC_MSGSEND = YES;
				GCC_C_LANGUAGE_STANDARD = gnu99;
				GCC_NO_COMMON_BLOCKS = YES;
				GCC_WARN_64_TO_32_BIT_CONVERSION = YES;
				GCC_WARN_ABOUT_RETURN_TYPE = YES_ERROR;
				GCC_WARN_UNDECLARED_SELECTOR = YES;
				GCC_WARN_UNINITIALIZED_AUTOS = YES_AGGRESSIVE;
				GCC_WARN_UNUSED_FUNCTION = YES;
				GCC_WARN_UNUSED_VARIABLE = YES;
				IPHONEOS_DEPLOYMENT_TARGET = 10.0;
				MTL_ENABLE_DEBUG_INFO = NO;
				SDKROOT = iphoneos;
				SWIFT_OPTIMIZATION_LEVEL = "-Owholemodule";
				VALIDATE_PRODUCT = YES;
			};
			name = Release;
		};
		7A366FA51DB22ED300E5D7BE /* Debug */ = {
			isa = XCBuildConfiguration;
			buildSettings = {
				ASSETCATALOG_COMPILER_APPICON_NAME = AppIcon;
				INFOPLIST_FILE = Gacha/Info.plist;
				LD_RUNPATH_SEARCH_PATHS = "$(inherited) @executable_path/Frameworks";
				PRODUCT_BUNDLE_IDENTIFIER = net.masuhara.Gacha;
				PRODUCT_NAME = "$(TARGET_NAME)";
				SWIFT_VERSION = 3.0;
			};
			name = Debug;
		};
		7A366FA61DB22ED300E5D7BE /* Release */ = {
			isa = XCBuildConfiguration;
			buildSettings = {
				ASSETCATALOG_COMPILER_APPICON_NAME = AppIcon;
				INFOPLIST_FILE = Gacha/Info.plist;
				LD_RUNPATH_SEARCH_PATHS = "$(inherited) @executable_path/Frameworks";
				PRODUCT_BUNDLE_IDENTIFIER = net.masuhara.Gacha;
				PRODUCT_NAME = "$(TARGET_NAME)";
				SWIFT_VERSION = 3.0;
			};
			name = Release;
		};
/* End XCBuildConfiguration section */

/* Begin XCConfigurationList section */
		7A366F8D1DB22ED200E5D7BE /* Build configuration list for PBXProject "Gacha" */ = {
			isa = XCConfigurationList;
			buildConfigurations = (
				7A366FA21DB22ED300E5D7BE /* Debug */,
				7A366FA31DB22ED300E5D7BE /* Release */,
			);
			defaultConfigurationIsVisible = 0;
			defaultConfigurationName = Release;
		};
		7A366FA41DB22ED300E5D7BE /* Build configuration list for PBXNativeTarget "Gacha" */ = {
			isa = XCConfigurationList;
			buildConfigurations = (
				7A366FA51DB22ED300E5D7BE /* Debug */,
				7A366FA61DB22ED300E5D7BE /* Release */,
			);
			defaultConfigurationIsVisible = 0;
			defaultConfigurationName = Release;
		};
/* End XCConfigurationList section */
	};
	rootObject = 7A366F8A1DB22ED200E5D7BE /* Project object */;
}
